
Microsoft Visual Studio Solution File, Format Version 12.00
# Visual Studio Version 16
VisualStudioVersion = 16.0.31313.79
MinimumVisualStudioVersion = 10.0.40219.1
Project("{FAE04EC0-301F-11D3-BF4B-00C04F79EFBC}") = "CustomerClass", "CustomerClass\CustomerClass.csproj", "{148CEE0B-8C0E-4080-8257-6CA3C4C61B9A}"
EndProject
Global
	GlobalSection(SolutionConfigurationPlatforms) = preSolution
		Debug|Any CPU = Debug|Any CPU
		Release|Any CPU = Release|Any CPU
	EndGlobalSection
	GlobalSection(ProjectConfigurationPlatforms) = postSolution
		{148CEE0B-8C0E-4080-8257-6CA3C4C61B9A}.Debug|Any CPU.ActiveCfg = Debug|Any CPU
		{148CEE0B-8C0E-4080-8257-6CA3C4C61B9A}.Debug|Any CPU.Build.0 = Debug|Any CPU
		{148CEE0B-8C0E-4080-8257-6CA3C4C61B9A}.Release|Any CPU.ActiveCfg = Release|Any CPU
		{148CEE0B-8C0E-4080-8257-6CA3C4C61B9A}.Release|Any CPU.Build.0 = Release|Any CPU
	EndGlobalSection
	GlobalSection(SolutionProperties) = preSolution
		HideSolutionNode = FALSE
	EndGlobalSection
	GlobalSection(ExtensibilityGlobals) = postSolution
		SolutionGuid = {2A9ACCBA-6532-4AAB-A287-EB7F38F97130}
	EndGlobalSection
EndGlobal
