
Microsoft Visual Studio Solution File, Format Version 12.00
# Visual Studio Version 16
VisualStudioVersion = 16.0.31313.79
MinimumVisualStudioVersion = 10.0.40219.1
Project("{FAE04EC0-301F-11D3-BF4B-00C04F79EFBC}") = "Fibbonaci", "Fibbonaci\Fibbonaci.csproj", "{CF471ED5-EBBE-49D8-9DE7-E4254A0D3C65}"
EndProject
Global
	GlobalSection(SolutionConfigurationPlatforms) = preSolution
		Debug|Any CPU = Debug|Any CPU
		Release|Any CPU = Release|Any CPU
	EndGlobalSection
	GlobalSection(ProjectConfigurationPlatforms) = postSolution
		{CF471ED5-EBBE-49D8-9DE7-E4254A0D3C65}.Debug|Any CPU.ActiveCfg = Debug|Any CPU
		{CF471ED5-EBBE-49D8-9DE7-E4254A0D3C65}.Debug|Any CPU.Build.0 = Debug|Any CPU
		{CF471ED5-EBBE-49D8-9DE7-E4254A0D3C65}.Release|Any CPU.ActiveCfg = Release|Any CPU
		{CF471ED5-EBBE-49D8-9DE7-E4254A0D3C65}.Release|Any CPU.Build.0 = Release|Any CPU
	EndGlobalSection
	GlobalSection(SolutionProperties) = preSolution
		HideSolutionNode = FALSE
	EndGlobalSection
	GlobalSection(ExtensibilityGlobals) = postSolution
		SolutionGuid = {ECBA43D9-E0B6-4E45-B610-C213E10C4382}
	EndGlobalSection
EndGlobal
