
Microsoft Visual Studio Solution File, Format Version 12.00
# Visual Studio Version 16
VisualStudioVersion = 16.0.31313.79
MinimumVisualStudioVersion = 10.0.40219.1
Project("{FAE04EC0-301F-11D3-BF4B-00C04F79EFBC}") = "ExceptionLession", "ExceptionLession\ExceptionLession.csproj", "{B78FFB16-7343-4E0C-BF1C-8F21F87DBACC}"
EndProject
Global
	GlobalSection(SolutionConfigurationPlatforms) = preSolution
		Debug|Any CPU = Debug|Any CPU
		Release|Any CPU = Release|Any CPU
	EndGlobalSection
	GlobalSection(ProjectConfigurationPlatforms) = postSolution
		{B78FFB16-7343-4E0C-BF1C-8F21F87DBACC}.Debug|Any CPU.ActiveCfg = Debug|Any CPU
		{B78FFB16-7343-4E0C-BF1C-8F21F87DBACC}.Debug|Any CPU.Build.0 = Debug|Any CPU
		{B78FFB16-7343-4E0C-BF1C-8F21F87DBACC}.Release|Any CPU.ActiveCfg = Release|Any CPU
		{B78FFB16-7343-4E0C-BF1C-8F21F87DBACC}.Release|Any CPU.Build.0 = Release|Any CPU
	EndGlobalSection
	GlobalSection(SolutionProperties) = preSolution
		HideSolutionNode = FALSE
	EndGlobalSection
	GlobalSection(ExtensibilityGlobals) = postSolution
		SolutionGuid = {56410F3A-CFC7-4A31-875F-0DACD6CF4BEC}
	EndGlobalSection
EndGlobal
