
Microsoft Visual Studio Solution File, Format Version 12.00
# Visual Studio Version 16
VisualStudioVersion = 16.0.31313.79
MinimumVisualStudioVersion = 10.0.40219.1
Project("{FAE04EC0-301F-11D3-BF4B-00C04F79EFBC}") = "ExtensionMethods", "ExtensionMethods\ExtensionMethods.csproj", "{4243530E-05D8-4715-9C69-54545BDD5F3D}"
EndProject
Global
	GlobalSection(SolutionConfigurationPlatforms) = preSolution
		Debug|Any CPU = Debug|Any CPU
		Release|Any CPU = Release|Any CPU
	EndGlobalSection
	GlobalSection(ProjectConfigurationPlatforms) = postSolution
		{4243530E-05D8-4715-9C69-54545BDD5F3D}.Debug|Any CPU.ActiveCfg = Debug|Any CPU
		{4243530E-05D8-4715-9C69-54545BDD5F3D}.Debug|Any CPU.Build.0 = Debug|Any CPU
		{4243530E-05D8-4715-9C69-54545BDD5F3D}.Release|Any CPU.ActiveCfg = Release|Any CPU
		{4243530E-05D8-4715-9C69-54545BDD5F3D}.Release|Any CPU.Build.0 = Release|Any CPU
	EndGlobalSection
	GlobalSection(SolutionProperties) = preSolution
		HideSolutionNode = FALSE
	EndGlobalSection
	GlobalSection(ExtensibilityGlobals) = postSolution
		SolutionGuid = {C4C2D80A-465A-43EE-86F1-12A2565C1582}
	EndGlobalSection
EndGlobal
